
Microsoft Visual Studio Solution File, Format Version 12.00
# Visual Studio Version 16
VisualStudioVersion = 16.0.31313.79
MinimumVisualStudioVersion = 10.0.40219.1
Project("{9A19103F-16F7-4668-BE54-9A1E7A4F7556}") = "SamuraiAPI", "SamuraiAPI\SamuraiAPI.csproj", "{9DE64BE3-F966-4CEA-A94F-B9097F41A2E9}"
EndProject
Project("{9A19103F-16F7-4668-BE54-9A1E7A4F7556}") = "SamuraiApp.Domain", "SamuraiApp.Domain\SamuraiApp.Domain.csproj", "{66FAD588-B013-4969-8230-547F26AF497B}"
EndProject
Project("{9A19103F-16F7-4668-BE54-9A1E7A4F7556}") = "SamuraiApp.Data", "SamuraiApp.Data\SamuraiApp.Data.csproj", "{B4C7F1C4-01BE-4A73-B736-2A34F4A6FF20}"
EndProject
Project("{FAE04EC0-301F-11D3-BF4B-00C04F79EFBC}") = "SamuraiApi.Tests", "SamuraiApi.Tests\SamuraiApi.Tests.csproj", "{5668109D-D4DB-4688-BD85-BCDE1A3B6D77}"
EndProject
Global
	GlobalSection(SolutionConfigurationPlatforms) = preSolution
		Debug|Any CPU = Debug|Any CPU
		Release|Any CPU = Release|Any CPU
	EndGlobalSection
	GlobalSection(ProjectConfigurationPlatforms) = postSolution
		{9DE64BE3-F966-4CEA-A94F-B9097F41A2E9}.Debug|Any CPU.ActiveCfg = Debug|Any CPU
		{9DE64BE3-F966-4CEA-A94F-B9097F41A2E9}.Debug|Any CPU.Build.0 = Debug|Any CPU
		{9DE64BE3-F966-4CEA-A94F-B9097F41A2E9}.Release|Any CPU.ActiveCfg = Release|Any CPU
		{9DE64BE3-F966-4CEA-A94F-B9097F41A2E9}.Release|Any CPU.Build.0 = Release|Any CPU
		{66FAD588-B013-4969-8230-547F26AF497B}.Debug|Any CPU.ActiveCfg = Debug|Any CPU
		{66FAD588-B013-4969-8230-547F26AF497B}.Debug|Any CPU.Build.0 = Debug|Any CPU
		{66FAD588-B013-4969-8230-547F26AF497B}.Release|Any CPU.ActiveCfg = Release|Any CPU
		{66FAD588-B013-4969-8230-547F26AF497B}.Release|Any CPU.Build.0 = Release|Any CPU
		{B4C7F1C4-01BE-4A73-B736-2A34F4A6FF20}.Debug|Any CPU.ActiveCfg = Debug|Any CPU
		{B4C7F1C4-01BE-4A73-B736-2A34F4A6FF20}.Debug|Any CPU.Build.0 = Debug|Any CPU
		{B4C7F1C4-01BE-4A73-B736-2A34F4A6FF20}.Release|Any CPU.ActiveCfg = Release|Any CPU
		{B4C7F1C4-01BE-4A73-B736-2A34F4A6FF20}.Release|Any CPU.Build.0 = Release|Any CPU
		{5668109D-D4DB-4688-BD85-BCDE1A3B6D77}.Debug|Any CPU.ActiveCfg = Debug|Any CPU
		{5668109D-D4DB-4688-BD85-BCDE1A3B6D77}.Debug|Any CPU.Build.0 = Debug|Any CPU
		{5668109D-D4DB-4688-BD85-BCDE1A3B6D77}.Release|Any CPU.ActiveCfg = Release|Any CPU
		{5668109D-D4DB-4688-BD85-BCDE1A3B6D77}.Release|Any CPU.Build.0 = Release|Any CPU
	EndGlobalSection
	GlobalSection(SolutionProperties) = preSolution
		HideSolutionNode = FALSE
	EndGlobalSection
	GlobalSection(ExtensibilityGlobals) = postSolution
		SolutionGuid = {207B3B2D-2FB0-4E4A-B80B-4FEF9EAEA20E}
	EndGlobalSection
EndGlobal
